PATH
  remote: .
  specs:
    vaultkit (0.1.3)
      thor (~> 1.2)

GEM
  remote: https://rubygems.org/
  specs:
    base64 (0.3.0)
    bigdecimal (4.0.1)
    coderay (1.1.3)
    hana (1.3.7)
    json_schemer (2.5.0)
      bigdecimal
      hana (~> 1.3)
      regexp_parser (~> 2.0)
      simpleidn (~> 0.2)
    jwt (2.10.2)
      base64
    method_source (1.1.0)
    mini_portile2 (2.8.9)
    pry (0.15.2)
      coderay (~> 1.1)
      method_source (~> 1.0)
    regexp_parser (2.11.3)
    simpleidn (0.2.3)
    sqlite3 (1.7.3)
      mini_portile2 (~> 2.8.0)
    thor (1.4.0)

PLATFORMS
  ruby

DEPENDENCIES
  json_schemer
  jwt (~> 2.7)
  pry
  sqlite3 (~> 1.6)
  thor (~> 1.3)
  vaultkit!

BUNDLED WITH
   1.17.2
